// !$*UTF8*$!
{
	archiveVersion = 1;
	classes = {
	};
	objectVersion = 52;
	objects = {

/* Begin PBXBuildFile section */
		8E0963282A6ACFCE0070FBD6 /* LoginViewController.swift in Sources */ = {isa = PBXBuildFile; fileRef = 8E0963272A6ACFCE0070FBD6 /* LoginViewController.swift */; };
		8E09632B2A6AD33B0070FBD6 /* FirebaseAuth in Frameworks */ = {isa = PBXBuildFile; productRef = 8E09632A2A6AD33B0070FBD6 /* FirebaseAuth */; };
		8E09632D2A6AD33B0070FBD6 /* FirebaseDatabase in Frameworks */ = {isa = PBXBuildFile; productRef = 8E09632C2A6AD33B0070FBD6 /* FirebaseDatabase */; };
		8E8C8F0D2A67D08200368AE7 /* GeneralTextField.swift in Sources */ = {isa = PBXBuildFile; fileRef = 8E8C8F0C2A67D08200368AE7 /* GeneralTextField.swift */; };
		8E9466422A6824D100CB86ED /* EyeButton.swift in Sources */ = {isa = PBXBuildFile; fileRef = 8E9466412A6824D100CB86ED /* EyeButton.swift */; };
		8E94C8362A67146800A3F6BF /* AppDelegate.swift in Sources */ = {isa = PBXBuildFile; fileRef = 8E94C8352A67146800A3F6BF /* AppDelegate.swift */; };
		8E94C8382A67146800A3F6BF /* SceneDelegate.swift in Sources */ = {isa = PBXBuildFile; fileRef = 8E94C8372A67146800A3F6BF /* SceneDelegate.swift */; };
		8E94C83A2A67146800A3F6BF /* RegisterViewController.swift in Sources */ = {isa = PBXBuildFile; fileRef = 8E94C8392A67146800A3F6BF /* RegisterViewController.swift */; };
		8E94C83F2A67146B00A3F6BF /* Assets.xcassets in Resources */ = {isa = PBXBuildFile; fileRef = 8E94C83E2A67146B00A3F6BF /* Assets.xcassets */; };
		8E94C8422A67146B00A3F6BF /* LaunchScreen.storyboard in Resources */ = {isa = PBXBuildFile; fileRef = 8E94C8402A67146B00A3F6BF /* LaunchScreen.storyboard */; };
		8E98D4672A6FE64600A18F53 /* ForgotPasswordViewController.swift in Sources */ = {isa = PBXBuildFile; fileRef = 8E98D4662A6FE64600A18F53 /* ForgotPasswordViewController.swift */; };
		8EA191742A6A87E300FB0947 /* GoogleService-Info.plist in Resources */ = {isa = PBXBuildFile; fileRef = 8EA191732A6A87E300FB0947 /* GoogleService-Info.plist */; };
		B46342B62A6D474F006EDD2D /* FilmModel.swift in Sources */ = {isa = PBXBuildFile; fileRef = B46342B42A6D474F006EDD2D /* FilmModel.swift */; };
		B46342B72A6D474F006EDD2D /* CollectionViewTableViewCell.swift in Sources */ = {isa = PBXBuildFile; fileRef = B46342B12A6D474F006EDD2D /* CollectionViewTableViewCell.swift */; };
		B46342B82A6D474F006EDD2D /* HomeViewController.swift in Sources */ = {isa = PBXBuildFile; fileRef = B46342B32A6D474F006EDD2D /* HomeViewController.swift */; };
		B46342B92A6D474F006EDD2D /* SearchViewController.swift in Sources */ = {isa = PBXBuildFile; fileRef = B46342B02A6D474F006EDD2D /* SearchViewController.swift */; };
		B46342BA2A6D474F006EDD2D /* NetworkManager.swift in Sources */ = {isa = PBXBuildFile; fileRef = B46342B22A6D474F006EDD2D /* NetworkManager.swift */; };
		B46342BB2A6D474F006EDD2D /* ProfileViewController.swift in Sources */ = {isa = PBXBuildFile; fileRef = B46342B52A6D474F006EDD2D /* ProfileViewController.swift */; };
		B46342BE2A6D4779006EDD2D /* DetailViewController.swift in Sources */ = {isa = PBXBuildFile; fileRef = B46342BC2A6D4779006EDD2D /* DetailViewController.swift */; };
		B46342BF2A6D4779006EDD2D /* MovieDetails.swift in Sources */ = {isa = PBXBuildFile; fileRef = B46342BD2A6D4779006EDD2D /* MovieDetails.swift */; };
		B46342C92A6D9163006EDD2D /* TextEnums.swift in Sources */ = {isa = PBXBuildFile; fileRef = B46342C82A6D9163006EDD2D /* TextEnums.swift */; };
/* End PBXBuildFile section */

/* Begin PBXFileReference section */
		8E0963272A6ACFCE0070FBD6 /* LoginViewController.swift */ = {isa = PBXFileReference; lastKnownFileType = sourcecode.swift; path = LoginViewController.swift; sourceTree = "<group>"; };
		8E8C8F0C2A67D08200368AE7 /* GeneralTextField.swift */ = {isa = PBXFileReference; lastKnownFileType = sourcecode.swift; path = GeneralTextField.swift; sourceTree = "<group>"; };
		8E9466412A6824D100CB86ED /* EyeButton.swift */ = {isa = PBXFileReference; lastKnownFileType = sourcecode.swift; path = EyeButton.swift; sourceTree = "<group>"; };
		8E94C8322A67146800A3F6BF /* FilmsApplication.app */ = {isa = PBXFileReference; explicitFileType = wrapper.application; includeInIndex = 0; path = FilmsApplication.app; sourceTree = BUILT_PRODUCTS_DIR; };
		8E94C8352A67146800A3F6BF /* AppDelegate.swift */ = {isa = PBXFileReference; lastKnownFileType = sourcecode.swift; path = AppDelegate.swift; sourceTree = "<group>"; };
		8E94C8372A67146800A3F6BF /* SceneDelegate.swift */ = {isa = PBXFileReference; lastKnownFileType = sourcecode.swift; path = SceneDelegate.swift; sourceTree = "<group>"; };
		8E94C8392A67146800A3F6BF /* RegisterViewController.swift */ = {isa = PBXFileReference; lastKnownFileType = sourcecode.swift; path = RegisterViewController.swift; sourceTree = "<group>"; };
		8E94C83E2A67146B00A3F6BF /* Assets.xcassets */ = {isa = PBXFileReference; lastKnownFileType = folder.assetcatalog; path = Assets.xcassets; sourceTree = "<group>"; };
		8E94C8412A67146B00A3F6BF /* Base */ = {isa = PBXFileReference; lastKnownFileType = file.storyboard; name = Base; path = Base.lproj/LaunchScreen.storyboard; sourceTree = "<group>"; };
		8E94C8432A67146B00A3F6BF /* Info.plist */ = {isa = PBXFileReference; lastKnownFileType = text.plist.xml; path = Info.plist; sourceTree = "<group>"; };
		8E98D4662A6FE64600A18F53 /* ForgotPasswordViewController.swift */ = {isa = PBXFileReference; lastKnownFileType = sourcecode.swift; path = ForgotPasswordViewController.swift; sourceTree = "<group>"; };
		8EA191732A6A87E300FB0947 /* GoogleService-Info.plist */ = {isa = PBXFileReference; fileEncoding = 4; lastKnownFileType = text.plist.xml; path = "GoogleService-Info.plist"; sourceTree = "<group>"; };
		B46342B02A6D474F006EDD2D /* SearchViewController.swift */ = {isa = PBXFileReference; lastKnownFileType = sourcecode.swift; path = SearchViewController.swift; sourceTree = "<group>"; };
		B46342B12A6D474F006EDD2D /* CollectionViewTableViewCell.swift */ = {isa = PBXFileReference; lastKnownFileType = sourcecode.swift; path = CollectionViewTableViewCell.swift; sourceTree = "<group>"; };
		B46342B22A6D474F006EDD2D /* NetworkManager.swift */ = {isa = PBXFileReference; lastKnownFileType = sourcecode.swift; path = NetworkManager.swift; sourceTree = "<group>"; };
		B46342B32A6D474F006EDD2D /* HomeViewController.swift */ = {isa = PBXFileReference; lastKnownFileType = sourcecode.swift; path = HomeViewController.swift; sourceTree = "<group>"; };
		B46342B42A6D474F006EDD2D /* FilmModel.swift */ = {isa = PBXFileReference; lastKnownFileType = sourcecode.swift; path = FilmModel.swift; sourceTree = "<group>"; };
		B46342B52A6D474F006EDD2D /* ProfileViewController.swift */ = {isa = PBXFileReference; lastKnownFileType = sourcecode.swift; path = ProfileViewController.swift; sourceTree = "<group>"; };
		B46342BC2A6D4779006EDD2D /* DetailViewController.swift */ = {isa = PBXFileReference; lastKnownFileType = sourcecode.swift; path = DetailViewController.swift; sourceTree = "<group>"; };
		B46342BD2A6D4779006EDD2D /* MovieDetails.swift */ = {isa = PBXFileReference; lastKnownFileType = sourcecode.swift; path = MovieDetails.swift; sourceTree = "<group>"; };
		B46342C82A6D9163006EDD2D /* TextEnums.swift */ = {isa = PBXFileReference; lastKnownFileType = sourcecode.swift; path = TextEnums.swift; sourceTree = "<group>"; };
/* End PBXFileReference section */

/* Begin PBXFrameworksBuildPhase section */
		8E94C82F2A67146800A3F6BF /* Frameworks */ = {
			isa = PBXFrameworksBuildPhase;
			buildActionMask = 2147483647;
			files = (
				8E09632D2A6AD33B0070FBD6 /* FirebaseDatabase in Frameworks */,
				8E09632B2A6AD33B0070FBD6 /* FirebaseAuth in Frameworks */,
			);
			runOnlyForDeploymentPostprocessing = 0;
		};
/* End PBXFrameworksBuildPhase section */

/* Begin PBXGroup section */
		8E94C8292A67146800A3F6BF = {
			isa = PBXGroup;
			children = (
				8E94C8342A67146800A3F6BF /* FilmsApplication */,
				8E94C8332A67146800A3F6BF /* Products */,
			);
			sourceTree = "<group>";
		};
		8E94C8332A67146800A3F6BF /* Products */ = {
			isa = PBXGroup;
			children = (
				8E94C8322A67146800A3F6BF /* FilmsApplication.app */,
			);
			name = Products;
			sourceTree = "<group>";
		};
		8E94C8342A67146800A3F6BF /* FilmsApplication */ = {
			isa = PBXGroup;
			children = (
				B46342C72A6D8385006EDD2D /* Networking */,
				B46342C62A6D8372006EDD2D /* Movie details */,
				B46342C52A6D8346006EDD2D /* Main page */,
				B46342C42A6D832B006EDD2D /* Registration and login */,
				8E94C8352A67146800A3F6BF /* AppDelegate.swift */,
				8E94C8372A67146800A3F6BF /* SceneDelegate.swift */,
				8EA191732A6A87E300FB0947 /* GoogleService-Info.plist */,
				8E94C83E2A67146B00A3F6BF /* Assets.xcassets */,
				8E94C8402A67146B00A3F6BF /* LaunchScreen.storyboard */,
				8E94C8432A67146B00A3F6BF /* Info.plist */,
			);
			path = FilmsApplication;
			sourceTree = "<group>";
		};
		B46342C42A6D832B006EDD2D /* Registration and login */ = {
			isa = PBXGroup;
			children = (
				8E94C8392A67146800A3F6BF /* RegisterViewController.swift */,
				8E0963272A6ACFCE0070FBD6 /* LoginViewController.swift */,
				8E9466412A6824D100CB86ED /* EyeButton.swift */,
				8E8C8F0C2A67D08200368AE7 /* GeneralTextField.swift */,
				B46342C82A6D9163006EDD2D /* TextEnums.swift */,
				8E98D4662A6FE64600A18F53 /* ForgotPasswordViewController.swift */,
			);
			path = "Registration and login";
			sourceTree = "<group>";
		};
		B46342C52A6D8346006EDD2D /* Main page */ = {
			isa = PBXGroup;
			children = (
				B46342B52A6D474F006EDD2D /* ProfileViewController.swift */,
				B46342B32A6D474F006EDD2D /* HomeViewController.swift */,
				B46342B02A6D474F006EDD2D /* SearchViewController.swift */,
				B46342B12A6D474F006EDD2D /* CollectionViewTableViewCell.swift */,
			);
			path = "Main page";
			sourceTree = "<group>";
		};
		B46342C62A6D8372006EDD2D /* Movie details */ = {
			isa = PBXGroup;
			children = (
				B46342BC2A6D4779006EDD2D /* DetailViewController.swift */,
				B46342BD2A6D4779006EDD2D /* MovieDetails.swift */,
			);
			path = "Movie details";
			sourceTree = "<group>";
		};
		B46342C72A6D8385006EDD2D /* Networking */ = {
			isa = PBXGroup;
			children = (
				B46342B22A6D474F006EDD2D /* NetworkManager.swift */,
				B46342B42A6D474F006EDD2D /* FilmModel.swift */,
			);
			path = Networking;
			sourceTree = "<group>";
		};
/* End PBXGroup section */

/* Begin PBXNativeTarget section */
		8E94C8312A67146800A3F6BF /* FilmsApplication */ = {
			isa = PBXNativeTarget;
			buildConfigurationList = 8E94C8462A67146B00A3F6BF /* Build configuration list for PBXNativeTarget "FilmsApplication" */;
			buildPhases = (
				8E94C82E2A67146800A3F6BF /* Sources */,
				8E94C82F2A67146800A3F6BF /* Frameworks */,
				8E94C8302A67146800A3F6BF /* Resources */,
			);
			buildRules = (
			);
			dependencies = (
			);
			name = FilmsApplication;
			packageProductDependencies = (
				8E09632A2A6AD33B0070FBD6 /* FirebaseAuth */,
				8E09632C2A6AD33B0070FBD6 /* FirebaseDatabase */,
			);
			productName = FilmsApplication;
			productReference = 8E94C8322A67146800A3F6BF /* FilmsApplication.app */;
			productType = "com.apple.product-type.application";
		};
/* End PBXNativeTarget section */

/* Begin PBXProject section */
		8E94C82A2A67146800A3F6BF /* Project object */ = {
			isa = PBXProject;
			attributes = {
				LastSwiftUpdateCheck = 1250;
				LastUpgradeCheck = 1250;
				TargetAttributes = {
					8E94C8312A67146800A3F6BF = {
						CreatedOnToolsVersion = 12.5;
					};
				};
			};
			buildConfigurationList = 8E94C82D2A67146800A3F6BF /* Build configuration list for PBXProject "FilmsApplication" */;
			compatibilityVersion = "Xcode 9.3";
			developmentRegion = en;
			hasScannedForEncodings = 0;
			knownRegions = (
				en,
				Base,
			);
			mainGroup = 8E94C8292A67146800A3F6BF;
			packageReferences = (
				8E0963292A6AD33B0070FBD6 /* XCRemoteSwiftPackageReference "firebase-ios-sdk" */,
			);
			productRefGroup = 8E94C8332A67146800A3F6BF /* Products */;
			projectDirPath = "";
			projectRoot = "";
			targets = (
				8E94C8312A67146800A3F6BF /* FilmsApplication */,
			);
		};
/* End PBXProject section */

/* Begin PBXResourcesBuildPhase section */
		8E94C8302A67146800A3F6BF /* Resources */ = {
			isa = PBXResourcesBuildPhase;
			buildActionMask = 2147483647;
			files = (
				8E94C8422A67146B00A3F6BF /* LaunchScreen.storyboard in Resources */,
				8E94C83F2A67146B00A3F6BF /* Assets.xcassets in Resources */,
				8EA191742A6A87E300FB0947 /* GoogleService-Info.plist in Resources */,
			);
			runOnlyForDeploymentPostprocessing = 0;
		};
/* End PBXResourcesBuildPhase section */

/* Begin PBXSourcesBuildPhase section */
		8E94C82E2A67146800A3F6BF /* Sources */ = {
			isa = PBXSourcesBuildPhase;
			buildActionMask = 2147483647;
			files = (
				8E98D4672A6FE64600A18F53 /* ForgotPasswordViewController.swift in Sources */,
				B46342BA2A6D474F006EDD2D /* NetworkManager.swift in Sources */,
				B46342C92A6D9163006EDD2D /* TextEnums.swift in Sources */,
				8E0963282A6ACFCE0070FBD6 /* LoginViewController.swift in Sources */,
				B46342B92A6D474F006EDD2D /* SearchViewController.swift in Sources */,
				8E8C8F0D2A67D08200368AE7 /* GeneralTextField.swift in Sources */,
				8E9466422A6824D100CB86ED /* EyeButton.swift in Sources */,
				B46342B62A6D474F006EDD2D /* FilmModel.swift in Sources */,
				8E94C83A2A67146800A3F6BF /* RegisterViewController.swift in Sources */,
				B46342B82A6D474F006EDD2D /* HomeViewController.swift in Sources */,
				B46342BF2A6D4779006EDD2D /* MovieDetails.swift in Sources */,
				B46342B72A6D474F006EDD2D /* CollectionViewTableViewCell.swift in Sources */,
				B46342BB2A6D474F006EDD2D /* ProfileViewController.swift in Sources */,
				8E94C8362A67146800A3F6BF /* AppDelegate.swift in Sources */,
				8E94C8382A67146800A3F6BF /* SceneDelegate.swift in Sources */,
				B46342BE2A6D4779006EDD2D /* DetailViewController.swift in Sources */,
			);
			runOnlyForDeploymentPostprocessing = 0;
		};
/* End PBXSourcesBuildPhase section */

/* Begin PBXVariantGroup section */
		8E94C8402A67146B00A3F6BF /* LaunchScreen.storyboard */ = {
			isa = PBXVariantGroup;
			children = (
				8E94C8412A67146B00A3F6BF /* Base */,
			);
			name = LaunchScreen.storyboard;
			sourceTree = "<group>";
		};
/* End PBXVariantGroup section */

/* Begin XCBuildConfiguration section */
		8E94C8442A67146B00A3F6BF /* Debug */ = {
			isa = XCBuildConfiguration;
			buildSettings = {
				ALWAYS_SEARCH_USER_PATHS = NO;
				CLANG_ANALYZER_NONNULL = YES;
				CLANG_ANALYZER_NUMBER_OBJECT_CONVERSION = YES_AGGRESSIVE;
				CLANG_CXX_LANGUAGE_STANDARD = "gnu++14";
				CLANG_CXX_LIBRARY = "libc++";
				CLANG_ENABLE_MODULES = YES;
				CLANG_ENABLE_OBJC_ARC = YES;
				CLANG_ENABLE_OBJC_WEAK = YES;
				CLANG_WARN_BLOCK_CAPTURE_AUTORELEASING = YES;
				CLANG_WARN_BOOL_CONVERSION = YES;
				CLANG_WARN_COMMA = YES;
				CLANG_WARN_CONSTANT_CONVERSION = YES;
				CLANG_WARN_DEPRECATED_OBJC_IMPLEMENTATIONS = YES;
				CLANG_WARN_DIRECT_OBJC_ISA_USAGE = YES_ERROR;
				CLANG_WARN_DOCUMENTATION_COMMENTS = YES;
				CLANG_WARN_EMPTY_BODY = YES;
				CLANG_WARN_ENUM_CONVERSION = YES;
				CLANG_WARN_INFINITE_RECURSION = YES;
				CLANG_WARN_INT_CONVERSION = YES;
				CLANG_WARN_NON_LITERAL_NULL_CONVERSION = YES;
				CLANG_WARN_OBJC_IMPLICIT_RETAIN_SELF = YES;
				CLANG_WARN_OBJC_LITERAL_CONVERSION = YES;
				CLANG_WARN_OBJC_ROOT_CLASS = YES_ERROR;
				CLANG_WARN_QUOTED_INCLUDE_IN_FRAMEWORK_HEADER = YES;
				CLANG_WARN_RANGE_LOOP_ANALYSIS = YES;
				CLANG_WARN_STRICT_PROTOTYPES = YES;
				CLANG_WARN_SUSPICIOUS_MOVE = YES;
				CLANG_WARN_UNGUARDED_AVAILABILITY = YES_AGGRESSIVE;
				CLANG_WARN_UNREACHABLE_CODE = YES;
				CLANG_WARN__DUPLICATE_METHOD_MATCH = YES;
				COPY_PHASE_STRIP = NO;
				DEBUG_INFORMATION_FORMAT = dwarf;
				ENABLE_STRICT_OBJC_MSGSEND = YES;
				ENABLE_TESTABILITY = YES;
				GCC_C_LANGUAGE_STANDARD = gnu11;
				GCC_DYNAMIC_NO_PIC = NO;
				GCC_NO_COMMON_BLOCKS = YES;
				GCC_OPTIMIZATION_LEVEL = 0;
				GCC_PREPROCESSOR_DEFINITIONS = (
					"DEBUG=1",
					"$(inherited)",
				);
				GCC_WARN_64_TO_32_BIT_CONVERSION = YES;
				GCC_WARN_ABOUT_RETURN_TYPE = YES_ERROR;
				GCC_WARN_UNDECLARED_SELECTOR = YES;
				GCC_WARN_UNINITIALIZED_AUTOS = YES_AGGRESSIVE;
				GCC_WARN_UNUSED_FUNCTION = YES;
				GCC_WARN_UNUSED_VARIABLE = YES;
				IPHONEOS_DEPLOYMENT_TARGET = 14.5;
				MTL_ENABLE_DEBUG_INFO = INCLUDE_SOURCE;
				MTL_FAST_MATH = YES;
				ONLY_ACTIVE_ARCH = YES;
				SDKROOT = iphoneos;
				SWIFT_ACTIVE_COMPILATION_CONDITIONS = DEBUG;
				SWIFT_OPTIMIZATION_LEVEL = "-Onone";
			};
			name = Debug;
		};
		8E94C8452A67146B00A3F6BF /* Release */ = {
			isa = XCBuildConfiguration;
			buildSettings = {
				ALWAYS_SEARCH_USER_PATHS = NO;
				CLANG_ANALYZER_NONNULL = YES;
				CLANG_ANALYZER_NUMBER_OBJECT_CONVERSION = YES_AGGRESSIVE;
				CLANG_CXX_LANGUAGE_STANDARD = "gnu++14";
				CLANG_CXX_LIBRARY = "libc++";
				CLANG_ENABLE_MODULES = YES;
				CLANG_ENABLE_OBJC_ARC = YES;
				CLANG_ENABLE_OBJC_WEAK = YES;
				CLANG_WARN_BLOCK_CAPTURE_AUTORELEASING = YES;
				CLANG_WARN_BOOL_CONVERSION = YES;
				CLANG_WARN_COMMA = YES;
				CLANG_WARN_CONSTANT_CONVERSION = YES;
				CLANG_WARN_DEPRECATED_OBJC_IMPLEMENTATIONS = YES;
				CLANG_WARN_DIRECT_OBJC_ISA_USAGE = YES_ERROR;
				CLANG_WARN_DOCUMENTATION_COMMENTS = YES;
				CLANG_WARN_EMPTY_BODY = YES;
				CLANG_WARN_ENUM_CONVERSION = YES;
				CLANG_WARN_INFINITE_RECURSION = YES;
				CLANG_WARN_INT_CONVERSION = YES;
				CLANG_WARN_NON_LITERAL_NULL_CONVERSION = YES;
				CLANG_WARN_OBJC_IMPLICIT_RETAIN_SELF = YES;
				CLANG_WARN_OBJC_LITERAL_CONVERSION = YES;
				CLANG_WARN_OBJC_ROOT_CLASS = YES_ERROR;
				CLANG_WARN_QUOTED_INCLUDE_IN_FRAMEWORK_HEADER = YES;
				CLANG_WARN_RANGE_LOOP_ANALYSIS = YES;
				CLANG_WARN_STRICT_PROTOTYPES = YES;
				CLANG_WARN_SUSPICIOUS_MOVE = YES;
				CLANG_WARN_UNGUARDED_AVAILABILITY = YES_AGGRESSIVE;
				CLANG_WARN_UNREACHABLE_CODE = YES;
				CLANG_WARN__DUPLICATE_METHOD_MATCH = YES;
				COPY_PHASE_STRIP = NO;
				DEBUG_INFORMATION_FORMAT = "dwarf-with-dsym";
				ENABLE_NS_ASSERTIONS = NO;
				ENABLE_STRICT_OBJC_MSGSEND = YES;
				GCC_C_LANGUAGE_STANDARD = gnu11;
				GCC_NO_COMMON_BLOCKS = YES;
				GCC_WARN_64_TO_32_BIT_CONVERSION = YES;
				GCC_WARN_ABOUT_RETURN_TYPE = YES_ERROR;
				GCC_WARN_UNDECLARED_SELECTOR = YES;
				GCC_WARN_UNINITIALIZED_AUTOS = YES_AGGRESSIVE;
				GCC_WARN_UNUSED_FUNCTION = YES;
				GCC_WARN_UNUSED_VARIABLE = YES;
				IPHONEOS_DEPLOYMENT_TARGET = 14.5;
				MTL_ENABLE_DEBUG_INFO = NO;
				MTL_FAST_MATH = YES;
				SDKROOT = iphoneos;
				SWIFT_COMPILATION_MODE = wholemodule;
				SWIFT_OPTIMIZATION_LEVEL = "-O";
				VALIDATE_PRODUCT = YES;
			};
			name = Release;
		};
		8E94C8472A67146B00A3F6BF /* Debug */ = {
			isa = XCBuildConfiguration;
			buildSettings = {
				ASSETCATALOG_COMPILER_APPICON_NAME = AppIcon;
				ASSETCATALOG_COMPILER_GLOBAL_ACCENT_COLOR_NAME = AccentColor;
				CODE_SIGN_STYLE = Automatic;
				INFOPLIST_FILE = FilmsApplication/Info.plist;
				IPHONEOS_DEPLOYMENT_TARGET = 14.0;
				LD_RUNPATH_SEARCH_PATHS = (
					"$(inherited)",
					"@executable_path/Frameworks",
				);
				PRODUCT_BUNDLE_IDENTIFIER = iu.FilmsApplication;
				PRODUCT_NAME = "$(TARGET_NAME)";
				SWIFT_VERSION = 5.0;
				TARGETED_DEVICE_FAMILY = "1,2";
			};
			name = Debug;
		};
		8E94C8482A67146B00A3F6BF /* Release */ = {
			isa = XCBuildConfiguration;
			buildSettings = {
				ASSETCATALOG_COMPILER_APPICON_NAME = AppIcon;
				ASSETCATALOG_COMPILER_GLOBAL_ACCENT_COLOR_NAME = AccentColor;
				CODE_SIGN_STYLE = Automatic;
				INFOPLIST_FILE = FilmsApplication/Info.plist;
				IPHONEOS_DEPLOYMENT_TARGET = 14.0;
				LD_RUNPATH_SEARCH_PATHS = (
					"$(inherited)",
					"@executable_path/Frameworks",
				);
				PRODUCT_BUNDLE_IDENTIFIER = iu.FilmsApplication;
				PRODUCT_NAME = "$(TARGET_NAME)";
				SWIFT_VERSION = 5.0;
				TARGETED_DEVICE_FAMILY = "1,2";
			};
			name = Release;
		};
/* End XCBuildConfiguration section */

/* Begin XCConfigurationList section */
		8E94C82D2A67146800A3F6BF /* Build configuration list for PBXProject "FilmsApplication" */ = {
			isa = XCConfigurationList;
			buildConfigurations = (
				8E94C8442A67146B00A3F6BF /* Debug */,
				8E94C8452A67146B00A3F6BF /* Release */,
			);
			defaultConfigurationIsVisible = 0;
			defaultConfigurationName = Release;
		};
		8E94C8462A67146B00A3F6BF /* Build configuration list for PBXNativeTarget "FilmsApplication" */ = {
			isa = XCConfigurationList;
			buildConfigurations = (
				8E94C8472A67146B00A3F6BF /* Debug */,
				8E94C8482A67146B00A3F6BF /* Release */,
			);
			defaultConfigurationIsVisible = 0;
			defaultConfigurationName = Release;
		};
/* End XCConfigurationList section */

/* Begin XCRemoteSwiftPackageReference section */
		8E0963292A6AD33B0070FBD6 /* XCRemoteSwiftPackageReference "firebase-ios-sdk" */ = {
			isa = XCRemoteSwiftPackageReference;
			repositoryURL = "https://github.com/firebase/firebase-ios-sdk.git";
			requirement = {
				kind = upToNextMajorVersion;
				minimumVersion = 10.5.0;
			};
		};
/* End XCRemoteSwiftPackageReference section */

/* Begin XCSwiftPackageProductDependency section */
		8E09632A2A6AD33B0070FBD6 /* FirebaseAuth */ = {
			isa = XCSwiftPackageProductDependency;
			package = 8E0963292A6AD33B0070FBD6 /* XCRemoteSwiftPackageReference "firebase-ios-sdk" */;
			productName = FirebaseAuth;
		};
		8E09632C2A6AD33B0070FBD6 /* FirebaseDatabase */ = {
			isa = XCSwiftPackageProductDependency;
			package = 8E0963292A6AD33B0070FBD6 /* XCRemoteSwiftPackageReference "firebase-ios-sdk" */;
			productName = FirebaseDatabase;
		};
/* End XCSwiftPackageProductDependency section */
	};
	rootObject = 8E94C82A2A67146800A3F6BF /* Project object */;
}
